<?xml version="1.0" encoding="UTF-8" standalone="yes" ?>
<CodeBlocks_project_file>
	<FileVersion major="1" minor="6" />
	<Project>
		<Option title="GeometricSpanners" />
		<Option pch_mode="2" />
		<Option compiler="gcc" />
		<Build>
			<Target title="Debug">
				<Option output="bin/Debug/GeometricSpanners" prefix_auto="1" extension_auto="1" />
				<Option object_output="obj/Debug/" />
				<Option type="1" />
				<Option compiler="gcc" />
				<Compiler>
					<Add option="-Wextra" />
					<Add option="-Wall" />
					<Add option="-g" />
					<Add option="-std=c++17" />
					<Add option="-frounding-math" />
					<Add option="-fexceptions" />
					<Add directory="include" />
				</Compiler>
				<Linker>
					<Add library="gmp" />
					<Add library="boost_thread" />
					<Add library="boost_system" />
					<Add library="mpfr" />
				</Linker>
			</Target>
			<Target title="Release">
				<Option output="bin/Release/UnitDiskCover" prefix_auto="1" extension_auto="1" />
				<Option object_output="obj/Release/" />
				<Option type="1" />
				<Option compiler="gcc" />
				<Compiler>
					<Add option="-O3" />
					<Add option="-std=c++17" />
					<Add option="-frounding-math" />
					<Add option="-fexceptions" />
					<Add directory="include" />
				</Compiler>
				<Linker>
					<Add option="-s" />
					<Add library="gmp" />
					<Add library="boost_thread" />
					<Add library="boost_system" />
					<Add library="mpfr" />
				</Linker>
			</Target>
		</Build>
		<Compiler>
			<Add option="-O3" />
			<Add option="-Wextra" />
			<Add option="-Wall" />
			<Add option="-fopenmp" />
			<Add option="-fexceptions" />
			<Add option="-frounding-math" />
			<Add option="-std=c++17" />
			<Add directory="/usr/lib/gcc/x86_64-linux-gnu/7/include" />
		</Compiler>
		<Linker>
			<Add option="-fopenmp" />
			<Add library="CGAL" />
			<Add library="gmp" />
			<Add library="mpfr" />
			<Add library="boost_system" />
			<Add library="boost_thread" />
		</Linker>
		<Unit filename=".gitignore" />
		<Unit filename="CMakeLists.txt" />
		<Unit filename="cmake/GeometricSpannersConfig.cmake" />
		<Unit filename="include/BGS2002.h" />
		<Unit filename="include/DelaunayGraph.h" />
		<Unit filename="include/FloydWarshall.h" />
		<Unit filename="include/GeometricSpannerPrinter.h" />
		<Unit filename="include/GraphAlgorithmEvent.h" />
		<Unit filename="include/LW2004.h" />
		<Unit filename="include/LW2004_2.h" />
		<Unit filename="include/LW2004_3.h" />
		<Unit filename="include/PolygonSpanner.h" />
		<Unit filename="include/SpanningGraph.h" />
		<Unit filename="include/SplitVertex.h" />
		<Unit filename="include/StretchFactor.h" />
		<Unit filename="include/Timer.h" />
		<Unit filename="include/TransformPolygon.h" />
		<Unit filename="main.cpp" />
		<Extensions>
			<envvars set="openmp" />
			<code_completion />
			<debugger />
		</Extensions>
	</Project>
</CodeBlocks_project_file>
